
Microsoft Visual Studio Solution File, Format Version 12.00
# Visual Studio Version 17
VisualStudioVersion = 17.6.33829.357
MinimumVisualStudioVersion = 10.0.40219.1
Project("{FAE04EC0-301F-11D3-BF4B-00C04F79EFBC}") = "DocAisle_Payment", "DocAisle_Payment.csproj", "{F1DF4694-F79D-4A54-977B-9620108A9C2C}"
EndProject
Global
	GlobalSection(SolutionConfigurationPlatforms) = preSolution
		Debug|Any CPU = Debug|Any CPU
		Release|Any CPU = Release|Any CPU
	EndGlobalSection
	GlobalSection(ProjectConfigurationPlatforms) = postSolution
		{F1DF4694-F79D-4A54-977B-9620108A9C2C}.Debug|Any CPU.ActiveCfg = Debug|Any CPU
		{F1DF4694-F79D-4A54-977B-9620108A9C2C}.Debug|Any CPU.Build.0 = Debug|Any CPU
		{F1DF4694-F79D-4A54-977B-9620108A9C2C}.Release|Any CPU.ActiveCfg = Release|Any CPU
		{F1DF4694-F79D-4A54-977B-9620108A9C2C}.Release|Any CPU.Build.0 = Release|Any CPU
	EndGlobalSection
	GlobalSection(SolutionProperties) = preSolution
		HideSolutionNode = FALSE
	EndGlobalSection
	GlobalSection(ExtensibilityGlobals) = postSolution
		SolutionGuid = {72A0E50A-124B-4F3A-AC14-C350FEFC3E50}
	EndGlobalSection
EndGlobal
